// !$*UTF8*$!
{
	archiveVersion = 1;
	classes = {
	};
	objectVersion = 50;
	objects = {

/* Begin PBXBuildFile section */
		3715DAB025AB4B7C00F9BFFD /* PlaceholderLoadSwiftUIApp.swift in Sources */ = {isa = PBXBuildFile; fileRef = 3715DAAF25AB4B7C00F9BFFD /* PlaceholderLoadSwiftUIApp.swift */; };
		3715DAB225AB4B7D00F9BFFD /* ContentView.swift in Sources */ = {isa = PBXBuildFile; fileRef = 3715DAB125AB4B7D00F9BFFD /* ContentView.swift */; };
		3715DAB425AB4B8400F9BFFD /* Assets.xcassets in Resources */ = {isa = PBXBuildFile; fileRef = 3715DAB325AB4B8400F9BFFD /* Assets.xcassets */; };
		3715DAB725AB4B8400F9BFFD /* Preview Assets.xcassets in Resources */ = {isa = PBXBuildFile; fileRef = 3715DAB625AB4B8400F9BFFD /* Preview Assets.xcassets */; };
		3715DAC625AB4C0C00F9BFFD /* Comment.swift in Sources */ = {isa = PBXBuildFile; fileRef = 3715DAC525AB4C0C00F9BFFD /* Comment.swift */; };
		3715DAC925AB4C2D00F9BFFD /* CommentView.swift in Sources */ = {isa = PBXBuildFile; fileRef = 3715DAC825AB4C2D00F9BFFD /* CommentView.swift */; };
		3715DACC25AB4D0F00F9BFFD /* Post.swift in Sources */ = {isa = PBXBuildFile; fileRef = 3715DACB25AB4D0F00F9BFFD /* Post.swift */; };
		3715DACF25AB4D3B00F9BFFD /* PostView.swift in Sources */ = {isa = PBXBuildFile; fileRef = 3715DACE25AB4D3B00F9BFFD /* PostView.swift */; };
/* End PBXBuildFile section */

/* Begin PBXFileReference section */
		3715DAAC25AB4B7C00F9BFFD /* PlaceholderLoadSwiftUI.app */ = {isa = PBXFileReference; explicitFileType = wrapper.application; includeInIndex = 0; path = PlaceholderLoadSwiftUI.app; sourceTree = BUILT_PRODUCTS_DIR; };
		3715DAAF25AB4B7C00F9BFFD /* PlaceholderLoadSwiftUIApp.swift */ = {isa = PBXFileReference; lastKnownFileType = sourcecode.swift; path = PlaceholderLoadSwiftUIApp.swift; sourceTree = "<group>"; };
		3715DAB125AB4B7D00F9BFFD /* ContentView.swift */ = {isa = PBXFileReference; lastKnownFileType = sourcecode.swift; path = ContentView.swift; sourceTree = "<group>"; };
		3715DAB325AB4B8400F9BFFD /* Assets.xcassets */ = {isa = PBXFileReference; lastKnownFileType = folder.assetcatalog; path = Assets.xcassets; sourceTree = "<group>"; };
		3715DAB625AB4B8400F9BFFD /* Preview Assets.xcassets */ = {isa = PBXFileReference; lastKnownFileType = folder.assetcatalog; path = "Preview Assets.xcassets"; sourceTree = "<group>"; };
		3715DAB825AB4B8400F9BFFD /* Info.plist */ = {isa = PBXFileReference; lastKnownFileType = text.plist.xml; path = Info.plist; sourceTree = "<group>"; };
		3715DAC525AB4C0C00F9BFFD /* Comment.swift */ = {isa = PBXFileReference; lastKnownFileType = sourcecode.swift; path = Comment.swift; sourceTree = "<group>"; };
		3715DAC825AB4C2D00F9BFFD /* CommentView.swift */ = {isa = PBXFileReference; lastKnownFileType = sourcecode.swift; path = CommentView.swift; sourceTree = "<group>"; };
		3715DACB25AB4D0F00F9BFFD /* Post.swift */ = {isa = PBXFileReference; lastKnownFileType = sourcecode.swift; path = Post.swift; sourceTree = "<group>"; };
		3715DACE25AB4D3B00F9BFFD /* PostView.swift */ = {isa = PBXFileReference; lastKnownFileType = sourcecode.swift; path = PostView.swift; sourceTree = "<group>"; };
/* End PBXFileReference section */

/* Begin PBXFrameworksBuildPhase section */
		3715DAA925AB4B7C00F9BFFD /* Frameworks */ = {
			isa = PBXFrameworksBuildPhase;
			buildActionMask = 2147483647;
			files = (
			);
			runOnlyForDeploymentPostprocessing = 0;
		};
/* End PBXFrameworksBuildPhase section */

/* Begin PBXGroup section */
		3715DAA325AB4B7C00F9BFFD = {
			isa = PBXGroup;
			children = (
				3715DAAE25AB4B7C00F9BFFD /* PlaceholderLoadSwiftUI */,
				3715DAAD25AB4B7C00F9BFFD /* Products */,
			);
			sourceTree = "<group>";
		};
		3715DAAD25AB4B7C00F9BFFD /* Products */ = {
			isa = PBXGroup;
			children = (
				3715DAAC25AB4B7C00F9BFFD /* PlaceholderLoadSwiftUI.app */,
			);
			name = Products;
			sourceTree = "<group>";
		};
		3715DAAE25AB4B7C00F9BFFD /* PlaceholderLoadSwiftUI */ = {
			isa = PBXGroup;
			children = (
				3715DAC325AB4BEF00F9BFFD /* View */,
				3715DAC225AB4BE900F9BFFD /* Model */,
				3715DAAF25AB4B7C00F9BFFD /* PlaceholderLoadSwiftUIApp.swift */,
				3715DAB325AB4B8400F9BFFD /* Assets.xcassets */,
				3715DAB825AB4B8400F9BFFD /* Info.plist */,
				3715DAB525AB4B8400F9BFFD /* Preview Content */,
			);
			path = PlaceholderLoadSwiftUI;
			sourceTree = "<group>";
		};
		3715DAB525AB4B8400F9BFFD /* Preview Content */ = {
			isa = PBXGroup;
			children = (
				3715DAB625AB4B8400F9BFFD /* Preview Assets.xcassets */,
			);
			path = "Preview Content";
			sourceTree = "<group>";
		};
		3715DAC225AB4BE900F9BFFD /* Model */ = {
			isa = PBXGroup;
			children = (
				3715DAC525AB4C0C00F9BFFD /* Comment.swift */,
				3715DACB25AB4D0F00F9BFFD /* Post.swift */,
			);
			path = Model;
			sourceTree = "<group>";
		};
		3715DAC325AB4BEF00F9BFFD /* View */ = {
			isa = PBXGroup;
			children = (
				3715DAB125AB4B7D00F9BFFD /* ContentView.swift */,
				3715DAC825AB4C2D00F9BFFD /* CommentView.swift */,
				3715DACE25AB4D3B00F9BFFD /* PostView.swift */,
			);
			path = View;
			sourceTree = "<group>";
		};
/* End PBXGroup section */

/* Begin PBXNativeTarget section */
		3715DAAB25AB4B7C00F9BFFD /* PlaceholderLoadSwiftUI */ = {
			isa = PBXNativeTarget;
			buildConfigurationList = 3715DABB25AB4B8400F9BFFD /* Build configuration list for PBXNativeTarget "PlaceholderLoadSwiftUI" */;
			buildPhases = (
				3715DAA825AB4B7C00F9BFFD /* Sources */,
				3715DAA925AB4B7C00F9BFFD /* Frameworks */,
				3715DAAA25AB4B7C00F9BFFD /* Resources */,
			);
			buildRules = (
			);
			dependencies = (
			);
			name = PlaceholderLoadSwiftUI;
			productName = PlaceholderLoadSwiftUI;
			productReference = 3715DAAC25AB4B7C00F9BFFD /* PlaceholderLoadSwiftUI.app */;
			productType = "com.apple.product-type.application";
		};
/* End PBXNativeTarget section */

/* Begin PBXProject section */
		3715DAA425AB4B7C00F9BFFD /* Project object */ = {
			isa = PBXProject;
			attributes = {
				LastSwiftUpdateCheck = 1230;
				LastUpgradeCheck = 1230;
				TargetAttributes = {
					3715DAAB25AB4B7C00F9BFFD = {
						CreatedOnToolsVersion = 12.3;
					};
				};
			};
			buildConfigurationList = 3715DAA725AB4B7C00F9BFFD /* Build configuration list for PBXProject "PlaceholderLoadSwiftUI" */;
			compatibilityVersion = "Xcode 9.3";
			developmentRegion = en;
			hasScannedForEncodings = 0;
			knownRegions = (
				en,
				Base,
			);
			mainGroup = 3715DAA325AB4B7C00F9BFFD;
			productRefGroup = 3715DAAD25AB4B7C00F9BFFD /* Products */;
			projectDirPath = "";
			projectRoot = "";
			targets = (
				3715DAAB25AB4B7C00F9BFFD /* PlaceholderLoadSwiftUI */,
			);
		};
/* End PBXProject section */

/* Begin PBXResourcesBuildPhase section */
		3715DAAA25AB4B7C00F9BFFD /* Resources */ = {
			isa = PBXResourcesBuildPhase;
			buildActionMask = 2147483647;
			files = (
				3715DAB725AB4B8400F9BFFD /* Preview Assets.xcassets in Resources */,
				3715DAB425AB4B8400F9BFFD /* Assets.xcassets in Resources */,
			);
			runOnlyForDeploymentPostprocessing = 0;
		};
/* End PBXResourcesBuildPhase section */

/* Begin PBXSourcesBuildPhase section */
		3715DAA825AB4B7C00F9BFFD /* Sources */ = {
			isa = PBXSourcesBuildPhase;
			buildActionMask = 2147483647;
			files = (
				3715DACF25AB4D3B00F9BFFD /* PostView.swift in Sources */,
				3715DAB225AB4B7D00F9BFFD /* ContentView.swift in Sources */,
				3715DAB025AB4B7C00F9BFFD /* PlaceholderLoadSwiftUIApp.swift in Sources */,
				3715DACC25AB4D0F00F9BFFD /* Post.swift in Sources */,
				3715DAC925AB4C2D00F9BFFD /* CommentView.swift in Sources */,
				3715DAC625AB4C0C00F9BFFD /* Comment.swift in Sources */,
			);
			runOnlyForDeploymentPostprocessing = 0;
		};
/* End PBXSourcesBuildPhase section */

/* Begin XCBuildConfiguration section */
		3715DAB925AB4B8400F9BFFD /* Debug */ = {
			isa = XCBuildConfiguration;
			buildSettings = {
				ALWAYS_SEARCH_USER_PATHS = NO;
				CLANG_ANALYZER_NONNULL = YES;
				CLANG_ANALYZER_NUMBER_OBJECT_CONVERSION = YES_AGGRESSIVE;
				CLANG_CXX_LANGUAGE_STANDARD = "gnu++14";
				CLANG_CXX_LIBRARY = "libc++";
				CLANG_ENABLE_MODULES = YES;
				CLANG_ENABLE_OBJC_ARC = YES;
				CLANG_ENABLE_OBJC_WEAK = YES;
				CLANG_WARN_BLOCK_CAPTURE_AUTORELEASING = YES;
				CLANG_WARN_BOOL_CONVERSION = YES;
				CLANG_WARN_COMMA = YES;
				CLANG_WARN_CONSTANT_CONVERSION = YES;
				CLANG_WARN_DEPRECATED_OBJC_IMPLEMENTATIONS = YES;
				CLANG_WARN_DIRECT_OBJC_ISA_USAGE = YES_ERROR;
				CLANG_WARN_DOCUMENTATION_COMMENTS = YES;
				CLANG_WARN_EMPTY_BODY = YES;
				CLANG_WARN_ENUM_CONVERSION = YES;
				CLANG_WARN_INFINITE_RECURSION = YES;
				CLANG_WARN_INT_CONVERSION = YES;
				CLANG_WARN_NON_LITERAL_NULL_CONVERSION = YES;
				CLANG_WARN_OBJC_IMPLICIT_RETAIN_SELF = YES;
				CLANG_WARN_OBJC_LITERAL_CONVERSION = YES;
				CLANG_WARN_OBJC_ROOT_CLASS = YES_ERROR;
				CLANG_WARN_QUOTED_INCLUDE_IN_FRAMEWORK_HEADER = YES;
				CLANG_WARN_RANGE_LOOP_ANALYSIS = YES;
				CLANG_WARN_STRICT_PROTOTYPES = YES;
				CLANG_WARN_SUSPICIOUS_MOVE = YES;
				CLANG_WARN_UNGUARDED_AVAILABILITY = YES_AGGRESSIVE;
				CLANG_WARN_UNREACHABLE_CODE = YES;
				CLANG_WARN__DUPLICATE_METHOD_MATCH = YES;
				COPY_PHASE_STRIP = NO;
				DEBUG_INFORMATION_FORMAT = dwarf;
				ENABLE_STRICT_OBJC_MSGSEND = YES;
				ENABLE_TESTABILITY = YES;
				GCC_C_LANGUAGE_STANDARD = gnu11;
				GCC_DYNAMIC_NO_PIC = NO;
				GCC_NO_COMMON_BLOCKS = YES;
				GCC_OPTIMIZATION_LEVEL = 0;
				GCC_PREPROCESSOR_DEFINITIONS = (
					"DEBUG=1",
					"$(inherited)",
				);
				GCC_WARN_64_TO_32_BIT_CONVERSION = YES;
				GCC_WARN_ABOUT_RETURN_TYPE = YES_ERROR;
				GCC_WARN_UNDECLARED_SELECTOR = YES;
				GCC_WARN_UNINITIALIZED_AUTOS = YES_AGGRESSIVE;
				GCC_WARN_UNUSED_FUNCTION = YES;
				GCC_WARN_UNUSED_VARIABLE = YES;
				IPHONEOS_DEPLOYMENT_TARGET = 14.3;
				MTL_ENABLE_DEBUG_INFO = INCLUDE_SOURCE;
				MTL_FAST_MATH = YES;
				ONLY_ACTIVE_ARCH = YES;
				SDKROOT = iphoneos;
				SWIFT_ACTIVE_COMPILATION_CONDITIONS = DEBUG;
				SWIFT_OPTIMIZATION_LEVEL = "-Onone";
			};
			name = Debug;
		};
		3715DABA25AB4B8400F9BFFD /* Release */ = {
			isa = XCBuildConfiguration;
			buildSettings = {
				ALWAYS_SEARCH_USER_PATHS = NO;
				CLANG_ANALYZER_NONNULL = YES;
				CLANG_ANALYZER_NUMBER_OBJECT_CONVERSION = YES_AGGRESSIVE;
				CLANG_CXX_LANGUAGE_STANDARD = "gnu++14";
				CLANG_CXX_LIBRARY = "libc++";
				CLANG_ENABLE_MODULES = YES;
				CLANG_ENABLE_OBJC_ARC = YES;
				CLANG_ENABLE_OBJC_WEAK = YES;
				CLANG_WARN_BLOCK_CAPTURE_AUTORELEASING = YES;
				CLANG_WARN_BOOL_CONVERSION = YES;
				CLANG_WARN_COMMA = YES;
				CLANG_WARN_CONSTANT_CONVERSION = YES;
				CLANG_WARN_DEPRECATED_OBJC_IMPLEMENTATIONS = YES;
				CLANG_WARN_DIRECT_OBJC_ISA_USAGE = YES_ERROR;
				CLANG_WARN_DOCUMENTATION_COMMENTS = YES;
				CLANG_WARN_EMPTY_BODY = YES;
				CLANG_WARN_ENUM_CONVERSION = YES;
				CLANG_WARN_INFINITE_RECURSION = YES;
				CLANG_WARN_INT_CONVERSION = YES;
				CLANG_WARN_NON_LITERAL_NULL_CONVERSION = YES;
				CLANG_WARN_OBJC_IMPLICIT_RETAIN_SELF = YES;
				CLANG_WARN_OBJC_LITERAL_CONVERSION = YES;
				CLANG_WARN_OBJC_ROOT_CLASS = YES_ERROR;
				CLANG_WARN_QUOTED_INCLUDE_IN_FRAMEWORK_HEADER = YES;
				CLANG_WARN_RANGE_LOOP_ANALYSIS = YES;
				CLANG_WARN_STRICT_PROTOTYPES = YES;
				CLANG_WARN_SUSPICIOUS_MOVE = YES;
				CLANG_WARN_UNGUARDED_AVAILABILITY = YES_AGGRESSIVE;
				CLANG_WARN_UNREACHABLE_CODE = YES;
				CLANG_WARN__DUPLICATE_METHOD_MATCH = YES;
				COPY_PHASE_STRIP = NO;
				DEBUG_INFORMATION_FORMAT = "dwarf-with-dsym";
				ENABLE_NS_ASSERTIONS = NO;
				ENABLE_STRICT_OBJC_MSGSEND = YES;
				GCC_C_LANGUAGE_STANDARD = gnu11;
				GCC_NO_COMMON_BLOCKS = YES;
				GCC_WARN_64_TO_32_BIT_CONVERSION = YES;
				GCC_WARN_ABOUT_RETURN_TYPE = YES_ERROR;
				GCC_WARN_UNDECLARED_SELECTOR = YES;
				GCC_WARN_UNINITIALIZED_AUTOS = YES_AGGRESSIVE;
				GCC_WARN_UNUSED_FUNCTION = YES;
				GCC_WARN_UNUSED_VARIABLE = YES;
				IPHONEOS_DEPLOYMENT_TARGET = 14.3;
				MTL_ENABLE_DEBUG_INFO = NO;
				MTL_FAST_MATH = YES;
				SDKROOT = iphoneos;
				SWIFT_COMPILATION_MODE = wholemodule;
				SWIFT_OPTIMIZATION_LEVEL = "-O";
				VALIDATE_PRODUCT = YES;
			};
			name = Release;
		};
		3715DABC25AB4B8400F9BFFD /* Debug */ = {
			isa = XCBuildConfiguration;
			buildSettings = {
				ASSETCATALOG_COMPILER_APPICON_NAME = AppIcon;
				ASSETCATALOG_COMPILER_GLOBAL_ACCENT_COLOR_NAME = AccentColor;
				CODE_SIGN_STYLE = Automatic;
				DEVELOPMENT_ASSET_PATHS = "\"PlaceholderLoadSwiftUI/Preview Content\"";
				DEVELOPMENT_TEAM = 597969VDF7;
				ENABLE_PREVIEWS = YES;
				INFOPLIST_FILE = PlaceholderLoadSwiftUI/Info.plist;
				IPHONEOS_DEPLOYMENT_TARGET = 14.0;
				LD_RUNPATH_SEARCH_PATHS = (
					"$(inherited)",
					"@executable_path/Frameworks",
				);
				PRODUCT_BUNDLE_IDENTIFIER = xyz.decodely.PlaceholderLoadSwiftUI;
				PRODUCT_NAME = "$(TARGET_NAME)";
				SWIFT_VERSION = 5.0;
				TARGETED_DEVICE_FAMILY = 1;
			};
			name = Debug;
		};
		3715DABD25AB4B8400F9BFFD /* Release */ = {
			isa = XCBuildConfiguration;
			buildSettings = {
				ASSETCATALOG_COMPILER_APPICON_NAME = AppIcon;
				ASSETCATALOG_COMPILER_GLOBAL_ACCENT_COLOR_NAME = AccentColor;
				CODE_SIGN_STYLE = Automatic;
				DEVELOPMENT_ASSET_PATHS = "\"PlaceholderLoadSwiftUI/Preview Content\"";
				DEVELOPMENT_TEAM = 597969VDF7;
				ENABLE_PREVIEWS = YES;
				INFOPLIST_FILE = PlaceholderLoadSwiftUI/Info.plist;
				IPHONEOS_DEPLOYMENT_TARGET = 14.0;
				LD_RUNPATH_SEARCH_PATHS = (
					"$(inherited)",
					"@executable_path/Frameworks",
				);
				PRODUCT_BUNDLE_IDENTIFIER = xyz.decodely.PlaceholderLoadSwiftUI;
				PRODUCT_NAME = "$(TARGET_NAME)";
				SWIFT_VERSION = 5.0;
				TARGETED_DEVICE_FAMILY = 1;
			};
			name = Release;
		};
/* End XCBuildConfiguration section */

/* Begin XCConfigurationList section */
		3715DAA725AB4B7C00F9BFFD /* Build configuration list for PBXProject "PlaceholderLoadSwiftUI" */ = {
			isa = XCConfigurationList;
			buildConfigurations = (
				3715DAB925AB4B8400F9BFFD /* Debug */,
				3715DABA25AB4B8400F9BFFD /* Release */,
			);
			defaultConfigurationIsVisible = 0;
			defaultConfigurationName = Release;
		};
		3715DABB25AB4B8400F9BFFD /* Build configuration list for PBXNativeTarget "PlaceholderLoadSwiftUI" */ = {
			isa = XCConfigurationList;
			buildConfigurations = (
				3715DABC25AB4B8400F9BFFD /* Debug */,
				3715DABD25AB4B8400F9BFFD /* Release */,
			);
			defaultConfigurationIsVisible = 0;
			defaultConfigurationName = Release;
		};
/* End XCConfigurationList section */
	};
	rootObject = 3715DAA425AB4B7C00F9BFFD /* Project object */;
}
